
Microsoft Visual Studio Solution File, Format Version 12.00
# Visual Studio Version 16
VisualStudioVersion = 16.0.33927.289
MinimumVisualStudioVersion = 10.0.40219.1
Project("{2150E333-8FDC-42A3-9474-1A3956D46DE8}") = "Task0", "Task0", "{AFDF86D1-3779-446A-8BC5-5C1EFB5A8BBF}"
EndProject
Project("{FAE04EC0-301F-11D3-BF4B-00C04F79EFBC}") = "Tyuiu.GutsuAV.Sprint5.Task0.V30", "Tyuiu.GutsuAV.Sprint5.Task0.V30\Tyuiu.GutsuAV.Sprint5.Task0.V30.csproj", "{1F7E9FB6-2277-4089-878B-05CCFF7819A2}"
EndProject
Project("{FAE04EC0-301F-11D3-BF4B-00C04F79EFBC}") = "Tyuiu.GutsuAV.Sprint5.Task0.V30.Lib", "Tyuiu.GutsuAV.Sprint5.Task0.V30.Lib\Tyuiu.GutsuAV.Sprint5.Task0.V30.Lib.csproj", "{FBD2C77B-1608-4BD1-AAB9-38AAB6221612}"
EndProject
Project("{FAE04EC0-301F-11D3-BF4B-00C04F79EFBC}") = "Tyuiu.GutsuAV.Sprint5.Task0.V30.Test", "Tyuiu.GutsuAV.Sprint5.Task0.V30.Test\Tyuiu.GutsuAV.Sprint5.Task0.V30.Test.csproj", "{89697BCB-52A0-4816-A773-0EE4A171A1A1}"
EndProject
Project("{2150E333-8FDC-42A3-9474-1A3956D46DE8}") = "Task1", "Task1", "{961B049E-18ED-48FF-9581-7C04DF18CEA7}"
EndProject
Project("{FAE04EC0-301F-11D3-BF4B-00C04F79EFBC}") = "Tyuiu.GutsuAV.Sprint5.Task1.V2", "Tyuiu.GutsuAV.Sprint5.Task1.V2\Tyuiu.GutsuAV.Sprint5.Task1.V2.csproj", "{362CCB2A-27B0-4469-9012-54CDD0A5969F}"
EndProject
Project("{FAE04EC0-301F-11D3-BF4B-00C04F79EFBC}") = "Tyuiu.GutsuAV.Sprint5.Task1.V2.Lib", "Tyuiu.GutsuAV.Sprint5.Task1.V2.Lib\Tyuiu.GutsuAV.Sprint5.Task1.V2.Lib.csproj", "{F08B027F-688C-408F-8FCE-0BD8BE6AC486}"
EndProject
Project("{FAE04EC0-301F-11D3-BF4B-00C04F79EFBC}") = "Tyuiu.GutsuAV.Sprint5.Task1.V2.Test", "Tyuiu.GutsuAV.Sprint5.Task1.V2.Test\Tyuiu.GutsuAV.Sprint5.Task1.V2.Test.csproj", "{8DCBB035-4902-415F-A6F9-884DBAFD2767}"
EndProject
Project("{2150E333-8FDC-42A3-9474-1A3956D46DE8}") = "Task2", "Task2", "{4451B7A1-C092-4DC7-8AC3-749B284B9218}"
EndProject
Project("{FAE04EC0-301F-11D3-BF4B-00C04F79EFBC}") = "Tyuiu.GutsuAV.Sprint5.Task2.V21", "Tyuiu.GutsuAV.Sprint5.Task2.V21\Tyuiu.GutsuAV.Sprint5.Task2.V21.csproj", "{1ADBA540-A092-4AEE-B95F-88B25BC2AB7F}"
EndProject
Project("{FAE04EC0-301F-11D3-BF4B-00C04F79EFBC}") = "Tyuiu.GutsuAV.Sprint5.Task2.V21.Lib", "Tyuiu.GutsuAV.Sprint5.Task2.V21.Lib\Tyuiu.GutsuAV.Sprint5.Task2.V21.Lib.csproj", "{0A5A2FE5-8853-48C3-A218-2364BEBA7411}"
EndProject
Project("{FAE04EC0-301F-11D3-BF4B-00C04F79EFBC}") = "Tyuiu.GutsuAV.Sprint5.Task2.V21.Test", "Tyuiu.GutsuAV.Sprint5.Task2.V21.Test\Tyuiu.GutsuAV.Sprint5.Task2.V21.Test.csproj", "{8FCB5BC1-DC09-4D11-864D-578BF3647106}"
EndProject
Project("{2150E333-8FDC-42A3-9474-1A3956D46DE8}") = "Task3", "Task3", "{E72AEB2A-D0EB-4FE0-BF0D-FBAC1FD84786}"
EndProject
Project("{FAE04EC0-301F-11D3-BF4B-00C04F79EFBC}") = "Tyuiu.GutsuAV.Sprint5.Task3.V15", "Tyuiu.GutsuAV.Sprint5.Task3.V15\Tyuiu.GutsuAV.Sprint5.Task3.V15.csproj", "{92297DEA-B23C-4181-8D07-8C6E4F34EFCB}"
EndProject
Project("{FAE04EC0-301F-11D3-BF4B-00C04F79EFBC}") = "Tyuiu.GutsuAV.Sprint5.Task3.V15.Lib", "Tyuiu.GutsuAV.Sprint5.Task3.V15.Lib\Tyuiu.GutsuAV.Sprint5.Task3.V15.Lib.csproj", "{2B700962-A25F-4017-B69E-A447F0114F82}"
EndProject
Project("{FAE04EC0-301F-11D3-BF4B-00C04F79EFBC}") = "Tyuiu.GutsuAV.Sprint5.Task3.V15.Test", "Tyuiu.GutsuAV.Sprint5.Task3.V15.Test\Tyuiu.GutsuAV.Sprint5.Task3.V15.Test.csproj", "{DBBB4A02-188D-492F-9D78-9D14FB51FCE4}"
EndProject
Project("{2150E333-8FDC-42A3-9474-1A3956D46DE8}") = "Task4", "Task4", "{7BA7019E-ACD9-4A23-B8E9-C25B0FB1F0C2}"
EndProject
Project("{FAE04EC0-301F-11D3-BF4B-00C04F79EFBC}") = "Tyuiu.GutsuAV.Sprint5.Task4.V19", "Tyuiu.GutsuAV.Sprint5.Task4.V19\Tyuiu.GutsuAV.Sprint5.Task4.V19.csproj", "{06EFCE68-0DF5-4C5C-BA35-38E7F93C988A}"
EndProject
Project("{FAE04EC0-301F-11D3-BF4B-00C04F79EFBC}") = "Tyuiu.GutsuAV.Sprint5.Task4.V19.Lib", "Tyuiu.GutsuAV.Sprint5.Task4.V19.Lib\Tyuiu.GutsuAV.Sprint5.Task4.V19.Lib.csproj", "{0EB2B3E7-D558-4985-AC9A-FDF16D3098E2}"
EndProject
Project("{FAE04EC0-301F-11D3-BF4B-00C04F79EFBC}") = "Tyuiu.GutsuAV.Sprint5.Task4.V19.Test", "Tyuiu.GutsuAV.Sprint5.Task4.V19.Test\Tyuiu.GutsuAV.Sprint5.Task4.V19.Test.csproj", "{E544E334-0EB7-4B19-9005-259AE6B6E6E5}"
EndProject
Project("{2150E333-8FDC-42A3-9474-1A3956D46DE8}") = "Task5", "Task5", "{69798F81-67F8-4F67-B007-32BF5394F92C}"
EndProject
Project("{FAE04EC0-301F-11D3-BF4B-00C04F79EFBC}") = "Tyuiu.GutsuAV.Sprint5.Task5.V21", "Tyuiu.GutsuAV.Sprint5.Task5.V21\Tyuiu.GutsuAV.Sprint5.Task5.V21.csproj", "{B5607DA4-CE69-4C9B-BB5C-4BEB70921169}"
EndProject
Project("{FAE04EC0-301F-11D3-BF4B-00C04F79EFBC}") = "Tyuiu.GutsuAV.Sprint5.Task5.V21.Lib", "Tyuiu.GutsuAV.Sprint5.Task5.V21.Lib\Tyuiu.GutsuAV.Sprint5.Task5.V21.Lib.csproj", "{78E0DCF7-DBC4-4DF0-AF8A-4B3A5D201386}"
EndProject
Project("{FAE04EC0-301F-11D3-BF4B-00C04F79EFBC}") = "Tyuiu.GutsuAV.Sprint5.Task5.V21.Test", "Tyuiu.GutsuAV.Sprint5.Task5.V21.Test\Tyuiu.GutsuAV.Sprint5.Task5.V21.Test.csproj", "{3FD7F032-C168-47F8-8DD8-53956FE7F077}"
EndProject
Project("{2150E333-8FDC-42A3-9474-1A3956D46DE8}") = "Task6", "Task6", "{5F0DE4F0-C2B6-464D-9114-B3288DE7A915}"
EndProject
Project("{FAE04EC0-301F-11D3-BF4B-00C04F79EFBC}") = "Tyuiu.GutsuAV.Sprint5.Task6.V24", "Tyuiu.GutsuAV.Sprint5.Task6.V24\Tyuiu.GutsuAV.Sprint5.Task6.V24.csproj", "{FFA79F3C-29EE-482A-B901-CEB9E5BECEBF}"
EndProject
Project("{FAE04EC0-301F-11D3-BF4B-00C04F79EFBC}") = "Tyuiu.GutsuAV.Sprint5.Task6.V24.Lib", "Tyuiu.GutsuAV.Sprint5.Task6.V24.Lib\Tyuiu.GutsuAV.Sprint5.Task6.V24.Lib.csproj", "{54D01235-0DFC-4AC5-8504-65D7B0AB011D}"
EndProject
Project("{FAE04EC0-301F-11D3-BF4B-00C04F79EFBC}") = "Tyuiu.GutsuAV.Sprint5.Task6.V24.Test", "Tyuiu.GutsuAV.Sprint5.Task6.V24.Test\Tyuiu.GutsuAV.Sprint5.Task6.V24.Test.csproj", "{BBA015C0-5A6A-4A55-955F-C98E98325B2F}"
EndProject
Global
	GlobalSection(SolutionConfigurationPlatforms) = preSolution
		Debug|Any CPU = Debug|Any CPU
		Release|Any CPU = Release|Any CPU
	EndGlobalSection
	GlobalSection(ProjectConfigurationPlatforms) = postSolution
		{1F7E9FB6-2277-4089-878B-05CCFF7819A2}.Debug|Any CPU.ActiveCfg = Debug|Any CPU
		{1F7E9FB6-2277-4089-878B-05CCFF7819A2}.Debug|Any CPU.Build.0 = Debug|Any CPU
		{1F7E9FB6-2277-4089-878B-05CCFF7819A2}.Release|Any CPU.ActiveCfg = Release|Any CPU
		{1F7E9FB6-2277-4089-878B-05CCFF7819A2}.Release|Any CPU.Build.0 = Release|Any CPU
		{FBD2C77B-1608-4BD1-AAB9-38AAB6221612}.Debug|Any CPU.ActiveCfg = Debug|Any CPU
		{FBD2C77B-1608-4BD1-AAB9-38AAB6221612}.Debug|Any CPU.Build.0 = Debug|Any CPU
		{FBD2C77B-1608-4BD1-AAB9-38AAB6221612}.Release|Any CPU.ActiveCfg = Release|Any CPU
		{FBD2C77B-1608-4BD1-AAB9-38AAB6221612}.Release|Any CPU.Build.0 = Release|Any CPU
		{89697BCB-52A0-4816-A773-0EE4A171A1A1}.Debug|Any CPU.ActiveCfg = Debug|Any CPU
		{89697BCB-52A0-4816-A773-0EE4A171A1A1}.Debug|Any CPU.Build.0 = Debug|Any CPU
		{89697BCB-52A0-4816-A773-0EE4A171A1A1}.Release|Any CPU.ActiveCfg = Release|Any CPU
		{89697BCB-52A0-4816-A773-0EE4A171A1A1}.Release|Any CPU.Build.0 = Release|Any CPU
		{362CCB2A-27B0-4469-9012-54CDD0A5969F}.Debug|Any CPU.ActiveCfg = Debug|Any CPU
		{362CCB2A-27B0-4469-9012-54CDD0A5969F}.Debug|Any CPU.Build.0 = Debug|Any CPU
		{362CCB2A-27B0-4469-9012-54CDD0A5969F}.Release|Any CPU.ActiveCfg = Release|Any CPU
		{362CCB2A-27B0-4469-9012-54CDD0A5969F}.Release|Any CPU.Build.0 = Release|Any CPU
		{F08B027F-688C-408F-8FCE-0BD8BE6AC486}.Debug|Any CPU.ActiveCfg = Debug|Any CPU
		{F08B027F-688C-408F-8FCE-0BD8BE6AC486}.Debug|Any CPU.Build.0 = Debug|Any CPU
		{F08B027F-688C-408F-8FCE-0BD8BE6AC486}.Release|Any CPU.ActiveCfg = Release|Any CPU
		{F08B027F-688C-408F-8FCE-0BD8BE6AC486}.Release|Any CPU.Build.0 = Release|Any CPU
		{8DCBB035-4902-415F-A6F9-884DBAFD2767}.Debug|Any CPU.ActiveCfg = Debug|Any CPU
		{8DCBB035-4902-415F-A6F9-884DBAFD2767}.Debug|Any CPU.Build.0 = Debug|Any CPU
		{8DCBB035-4902-415F-A6F9-884DBAFD2767}.Release|Any CPU.ActiveCfg = Release|Any CPU
		{8DCBB035-4902-415F-A6F9-884DBAFD2767}.Release|Any CPU.Build.0 = Release|Any CPU
		{1ADBA540-A092-4AEE-B95F-88B25BC2AB7F}.Debug|Any CPU.ActiveCfg = Debug|Any CPU
		{1ADBA540-A092-4AEE-B95F-88B25BC2AB7F}.Debug|Any CPU.Build.0 = Debug|Any CPU
		{1ADBA540-A092-4AEE-B95F-88B25BC2AB7F}.Release|Any CPU.ActiveCfg = Release|Any CPU
		{1ADBA540-A092-4AEE-B95F-88B25BC2AB7F}.Release|Any CPU.Build.0 = Release|Any CPU
		{0A5A2FE5-8853-48C3-A218-2364BEBA7411}.Debug|Any CPU.ActiveCfg = Debug|Any CPU
		{0A5A2FE5-8853-48C3-A218-2364BEBA7411}.Debug|Any CPU.Build.0 = Debug|Any CPU
		{0A5A2FE5-8853-48C3-A218-2364BEBA7411}.Release|Any CPU.ActiveCfg = Release|Any CPU
		{0A5A2FE5-8853-48C3-A218-2364BEBA7411}.Release|Any CPU.Build.0 = Release|Any CPU
		{8FCB5BC1-DC09-4D11-864D-578BF3647106}.Debug|Any CPU.ActiveCfg = Debug|Any CPU
		{8FCB5BC1-DC09-4D11-864D-578BF3647106}.Debug|Any CPU.Build.0 = Debug|Any CPU
		{8FCB5BC1-DC09-4D11-864D-578BF3647106}.Release|Any CPU.ActiveCfg = Release|Any CPU
		{8FCB5BC1-DC09-4D11-864D-578BF3647106}.Release|Any CPU.Build.0 = Release|Any CPU
		{92297DEA-B23C-4181-8D07-8C6E4F34EFCB}.Debug|Any CPU.ActiveCfg = Debug|Any CPU
		{92297DEA-B23C-4181-8D07-8C6E4F34EFCB}.Debug|Any CPU.Build.0 = Debug|Any CPU
		{92297DEA-B23C-4181-8D07-8C6E4F34EFCB}.Release|Any CPU.ActiveCfg = Release|Any CPU
		{92297DEA-B23C-4181-8D07-8C6E4F34EFCB}.Release|Any CPU.Build.0 = Release|Any CPU
		{2B700962-A25F-4017-B69E-A447F0114F82}.Debug|Any CPU.ActiveCfg = Debug|Any CPU
		{2B700962-A25F-4017-B69E-A447F0114F82}.Debug|Any CPU.Build.0 = Debug|Any CPU
		{2B700962-A25F-4017-B69E-A447F0114F82}.Release|Any CPU.ActiveCfg = Release|Any CPU
		{2B700962-A25F-4017-B69E-A447F0114F82}.Release|Any CPU.Build.0 = Release|Any CPU
		{DBBB4A02-188D-492F-9D78-9D14FB51FCE4}.Debug|Any CPU.ActiveCfg = Debug|Any CPU
		{DBBB4A02-188D-492F-9D78-9D14FB51FCE4}.Debug|Any CPU.Build.0 = Debug|Any CPU
		{DBBB4A02-188D-492F-9D78-9D14FB51FCE4}.Release|Any CPU.ActiveCfg = Release|Any CPU
		{DBBB4A02-188D-492F-9D78-9D14FB51FCE4}.Release|Any CPU.Build.0 = Release|Any CPU
		{06EFCE68-0DF5-4C5C-BA35-38E7F93C988A}.Debug|Any CPU.ActiveCfg = Debug|Any CPU
		{06EFCE68-0DF5-4C5C-BA35-38E7F93C988A}.Debug|Any CPU.Build.0 = Debug|Any CPU
		{06EFCE68-0DF5-4C5C-BA35-38E7F93C988A}.Release|Any CPU.ActiveCfg = Release|Any CPU
		{06EFCE68-0DF5-4C5C-BA35-38E7F93C988A}.Release|Any CPU.Build.0 = Release|Any CPU
		{0EB2B3E7-D558-4985-AC9A-FDF16D3098E2}.Debug|Any CPU.ActiveCfg = Debug|Any CPU
		{0EB2B3E7-D558-4985-AC9A-FDF16D3098E2}.Debug|Any CPU.Build.0 = Debug|Any CPU
		{0EB2B3E7-D558-4985-AC9A-FDF16D3098E2}.Release|Any CPU.ActiveCfg = Release|Any CPU
		{0EB2B3E7-D558-4985-AC9A-FDF16D3098E2}.Release|Any CPU.Build.0 = Release|Any CPU
		{E544E334-0EB7-4B19-9005-259AE6B6E6E5}.Debug|Any CPU.ActiveCfg = Debug|Any CPU
		{E544E334-0EB7-4B19-9005-259AE6B6E6E5}.Debug|Any CPU.Build.0 = Debug|Any CPU
		{E544E334-0EB7-4B19-9005-259AE6B6E6E5}.Release|Any CPU.ActiveCfg = Release|Any CPU
		{E544E334-0EB7-4B19-9005-259AE6B6E6E5}.Release|Any CPU.Build.0 = Release|Any CPU
		{B5607DA4-CE69-4C9B-BB5C-4BEB70921169}.Debug|Any CPU.ActiveCfg = Debug|Any CPU
		{B5607DA4-CE69-4C9B-BB5C-4BEB70921169}.Debug|Any CPU.Build.0 = Debug|Any CPU
		{B5607DA4-CE69-4C9B-BB5C-4BEB70921169}.Release|Any CPU.ActiveCfg = Release|Any CPU
		{B5607DA4-CE69-4C9B-BB5C-4BEB70921169}.Release|Any CPU.Build.0 = Release|Any CPU
		{78E0DCF7-DBC4-4DF0-AF8A-4B3A5D201386}.Debug|Any CPU.ActiveCfg = Debug|Any CPU
		{78E0DCF7-DBC4-4DF0-AF8A-4B3A5D201386}.Debug|Any CPU.Build.0 = Debug|Any CPU
		{78E0DCF7-DBC4-4DF0-AF8A-4B3A5D201386}.Release|Any CPU.ActiveCfg = Release|Any CPU
		{78E0DCF7-DBC4-4DF0-AF8A-4B3A5D201386}.Release|Any CPU.Build.0 = Release|Any CPU
		{3FD7F032-C168-47F8-8DD8-53956FE7F077}.Debug|Any CPU.ActiveCfg = Debug|Any CPU
		{3FD7F032-C168-47F8-8DD8-53956FE7F077}.Debug|Any CPU.Build.0 = Debug|Any CPU
		{3FD7F032-C168-47F8-8DD8-53956FE7F077}.Release|Any CPU.ActiveCfg = Release|Any CPU
		{3FD7F032-C168-47F8-8DD8-53956FE7F077}.Release|Any CPU.Build.0 = Release|Any CPU
		{FFA79F3C-29EE-482A-B901-CEB9E5BECEBF}.Debug|Any CPU.ActiveCfg = Debug|Any CPU
		{FFA79F3C-29EE-482A-B901-CEB9E5BECEBF}.Debug|Any CPU.Build.0 = Debug|Any CPU
		{FFA79F3C-29EE-482A-B901-CEB9E5BECEBF}.Release|Any CPU.ActiveCfg = Release|Any CPU
		{FFA79F3C-29EE-482A-B901-CEB9E5BECEBF}.Release|Any CPU.Build.0 = Release|Any CPU
		{54D01235-0DFC-4AC5-8504-65D7B0AB011D}.Debug|Any CPU.ActiveCfg = Debug|Any CPU
		{54D01235-0DFC-4AC5-8504-65D7B0AB011D}.Debug|Any CPU.Build.0 = Debug|Any CPU
		{54D01235-0DFC-4AC5-8504-65D7B0AB011D}.Release|Any CPU.ActiveCfg = Release|Any CPU
		{54D01235-0DFC-4AC5-8504-65D7B0AB011D}.Release|Any CPU.Build.0 = Release|Any CPU
		{BBA015C0-5A6A-4A55-955F-C98E98325B2F}.Debug|Any CPU.ActiveCfg = Debug|Any CPU
		{BBA015C0-5A6A-4A55-955F-C98E98325B2F}.Debug|Any CPU.Build.0 = Debug|Any CPU
		{BBA015C0-5A6A-4A55-955F-C98E98325B2F}.Release|Any CPU.ActiveCfg = Release|Any CPU
		{BBA015C0-5A6A-4A55-955F-C98E98325B2F}.Release|Any CPU.Build.0 = Release|Any CPU
	EndGlobalSection
	GlobalSection(SolutionProperties) = preSolution
		HideSolutionNode = FALSE
	EndGlobalSection
	GlobalSection(NestedProjects) = preSolution
		{1F7E9FB6-2277-4089-878B-05CCFF7819A2} = {AFDF86D1-3779-446A-8BC5-5C1EFB5A8BBF}
		{FBD2C77B-1608-4BD1-AAB9-38AAB6221612} = {AFDF86D1-3779-446A-8BC5-5C1EFB5A8BBF}
		{89697BCB-52A0-4816-A773-0EE4A171A1A1} = {AFDF86D1-3779-446A-8BC5-5C1EFB5A8BBF}
		{362CCB2A-27B0-4469-9012-54CDD0A5969F} = {961B049E-18ED-48FF-9581-7C04DF18CEA7}
		{F08B027F-688C-408F-8FCE-0BD8BE6AC486} = {961B049E-18ED-48FF-9581-7C04DF18CEA7}
		{8DCBB035-4902-415F-A6F9-884DBAFD2767} = {961B049E-18ED-48FF-9581-7C04DF18CEA7}
		{1ADBA540-A092-4AEE-B95F-88B25BC2AB7F} = {4451B7A1-C092-4DC7-8AC3-749B284B9218}
		{0A5A2FE5-8853-48C3-A218-2364BEBA7411} = {4451B7A1-C092-4DC7-8AC3-749B284B9218}
		{8FCB5BC1-DC09-4D11-864D-578BF3647106} = {4451B7A1-C092-4DC7-8AC3-749B284B9218}
		{92297DEA-B23C-4181-8D07-8C6E4F34EFCB} = {E72AEB2A-D0EB-4FE0-BF0D-FBAC1FD84786}
		{2B700962-A25F-4017-B69E-A447F0114F82} = {E72AEB2A-D0EB-4FE0-BF0D-FBAC1FD84786}
		{DBBB4A02-188D-492F-9D78-9D14FB51FCE4} = {E72AEB2A-D0EB-4FE0-BF0D-FBAC1FD84786}
		{06EFCE68-0DF5-4C5C-BA35-38E7F93C988A} = {7BA7019E-ACD9-4A23-B8E9-C25B0FB1F0C2}
		{0EB2B3E7-D558-4985-AC9A-FDF16D3098E2} = {7BA7019E-ACD9-4A23-B8E9-C25B0FB1F0C2}
		{E544E334-0EB7-4B19-9005-259AE6B6E6E5} = {7BA7019E-ACD9-4A23-B8E9-C25B0FB1F0C2}
		{B5607DA4-CE69-4C9B-BB5C-4BEB70921169} = {69798F81-67F8-4F67-B007-32BF5394F92C}
		{78E0DCF7-DBC4-4DF0-AF8A-4B3A5D201386} = {69798F81-67F8-4F67-B007-32BF5394F92C}
		{3FD7F032-C168-47F8-8DD8-53956FE7F077} = {69798F81-67F8-4F67-B007-32BF5394F92C}
		{FFA79F3C-29EE-482A-B901-CEB9E5BECEBF} = {5F0DE4F0-C2B6-464D-9114-B3288DE7A915}
		{54D01235-0DFC-4AC5-8504-65D7B0AB011D} = {5F0DE4F0-C2B6-464D-9114-B3288DE7A915}
		{BBA015C0-5A6A-4A55-955F-C98E98325B2F} = {5F0DE4F0-C2B6-464D-9114-B3288DE7A915}
	EndGlobalSection
	GlobalSection(ExtensibilityGlobals) = postSolution
		SolutionGuid = {8CF9B195-C2D9-4E4C-8806-6DBEDB59E0D3}
	EndGlobalSection
EndGlobal
